hash: 3bf8d48c5b3fc27a2632a3d0212e817b441a6ef85327ef12174755318020e421
updated: 2016-03-15T14:10:00.821991386-07:00
imports:
- name: github.com/apparentlymart/go-cidr
  version: a3ebdb999b831ecb6ab8a226e31b07b2b9061c47
  subpackages:
  - cidr
- name: github.com/armon/go-radix
  version: 4239b77079c7b5d1243b7b4736304ce8ddb6f0f2
- name: github.com/aws/aws-sdk-go
  version: 2e7cf03d7f5c8a4b4c9f7341ddf1e13102845cf2
  subpackages:
  - aws
  - aws/awserr
  - aws/awsutil
  - aws/client
  - aws/client/metadata
  - aws/corehandlers
  - aws/credentials
  - aws/credentials/ec2rolecreds
  - aws/defaults
  - aws/ec2metadata
  - aws/request
  - aws/session
  - private/endpoints
  - private/protocol
  - private/protocol/ec2query
  - private/protocol/json/jsonutil
  - private/protocol/jsonrpc
  - private/protocol/query
  - private/protocol/query/queryutil
  - private/protocol/rest
  - private/protocol/restjson
  - private/protocol/restxml
  - private/protocol/xml/xmlutil
  - private/signer/v4
  - private/waiter
  - service/apigateway
  - service/autoscaling
  - service/cloudformation
  - service/cloudtrail
  - service/cloudwatch
  - service/cloudwatchevents
  - service/cloudwatchlogs
  - service/codecommit
  - service/codedeploy
  - service/directoryservice
  - service/dynamodb
  - service/ec2
  - service/ecr
  - service/ecs
  - service/efs
  - service/elasticache
  - service/elasticbeanstalk
  - service/elasticsearchservice
  - service/elb
  - service/firehose
  - service/glacier
  - service/iam
  - service/kinesis
  - service/kms
  - service/lambda
  - service/opsworks
  - service/rds
  - service/redshift
  - service/route53
  - service/s3
  - service/sns
  - service/sqs
- name: github.com/bgentry/speakeasy
  version: 36e9cfdd690967f4f690c6edcc9ffacd006014a0
- name: github.com/cbroglie/mustache
  version: 19fb7bf55bfd87f8e62e756a4990632f68f7cf4f
- name: github.com/coreos/etcd
  version: e5527914aa42cae3063f52892e1ca4518da0e4ae
  subpackages:
  - Godeps/_workspace/src/github.com/ugorji/go/codec
  - Godeps/_workspace/src/golang.org/x/net/context
  - client
  - pkg/pathutil
  - pkg/types
- name: github.com/go-ini/ini
  version: afbd495e5aaea13597b5e14fe514ddeaa4d76fc3
- name: github.com/hashicorp/atlas-go
  version: 0008886ebfa3b424bed03e2a5cbe4a2568ea0ff6
  subpackages:
  - archive
  - v1
- name: github.com/hashicorp/consul
  version: 3215b8727f44c778dd7045dcfd5ac42735c581a9
  subpackages:
  - api
- name: github.com/hashicorp/errwrap
  version: 7554cd9344cec97297fa6649b055a8c98c2a1e55
- name: github.com/hashicorp/go-cleanhttp
  version: 875fb671b3ddc66f8e2f0acc33829c8cb989a38d
- name: github.com/hashicorp/go-getter
  version: 848242c76c346ef0aeb34787753b068f5f6f92fe
  subpackages:
  - helper/url
- name: github.com/hashicorp/go-multierror
  version: d30f09973e19c1dfcd120b2d9c4f168e68d6b5d5
- name: github.com/hashicorp/go-retryablehttp
  version: 24fda80b7c713c52649e57ce20100d453f7bdb24
- name: github.com/hashicorp/go-uuid
  version: 36289988d83ca270bc07c234c36f364b0dd9c9a7
- name: github.com/hashicorp/go-version
  version: 7e3c02b30806fa5779d3bdfc152ce4c6f40e7b38
- name: github.com/hashicorp/hcl
  version: 71c7409f1abba841e528a80556ed2c67671744c3
  subpackages:
  - hcl/ast
  - hcl/parser
  - hcl/scanner
  - hcl/strconv
  - hcl/token
  - json/parser
  - json/scanner
  - json/token
- name: github.com/hashicorp/hil
  version: 1586b586f59cfa528a751d4a62be88910d34e6e9
  subpackages:
  - ast
- name: github.com/hashicorp/serf
  version: e4ec8cc423bbe20d26584b96efbeb9102e16d05f
  subpackages:
  - coordinate
- name: github.com/hashicorp/terraform
  version: a1f77891611f47ad0c561d16a67007f4419a2358
  subpackages:
  - command
  - config
  - config/module
  - state
  - state/remote
  - terraform
  - flatmap
  - dag
  - dot
- name: github.com/jmespath/go-jmespath
  version: c01cf91b011868172fdcd9f41838e80c9d716264
- name: github.com/lusis/go-artifactory
  version: 7e4ce345df825841661d1b3ffbb1327083d4a22f
  subpackages:
  - src/artifactory.v401
- name: github.com/mattn/go-isatty
  version: 56b76bdf51f7708750eac80fa38b952bb9f32639
- name: github.com/mitchellh/cli
  version: cb6853d606ea4a12a15ac83cc43503df99fd28fb
- name: github.com/mitchellh/colorstring
  version: 8631ce90f28644f54aeedcb3e389a85174e067d1
- name: github.com/mitchellh/copystructure
  version: 80adcec1955ee4e97af357c30dee61aadcc02c10
- name: github.com/mitchellh/go-homedir
  version: d682a8f0cf139663a984ff12528da460ca963de9
- name: github.com/mitchellh/mapstructure
  version: 281073eb9eb092240d33ef253c404f1cca550309
- name: github.com/mitchellh/reflectwalk
  version: eecf4c70c626c7cfbb95c90195bc34d386c74ac6
- name: github.com/rackspace/gophercloud
  version: f3d053460f7c37970af6733bf370a3256e3648fb
  subpackages:
  - openstack
  - openstack/blockstorage/v1/volumes
  - openstack/compute/v2/extensions/bootfromvolume
  - openstack/compute/v2/extensions/floatingip
  - openstack/compute/v2/extensions/keypairs
  - openstack/compute/v2/extensions/schedulerhints
  - openstack/compute/v2/extensions/secgroups
  - openstack/compute/v2/extensions/servergroups
  - openstack/compute/v2/extensions/tenantnetworks
  - openstack/compute/v2/extensions/volumeattach
  - openstack/compute/v2/flavors
  - openstack/compute/v2/images
  - openstack/compute/v2/servers
  - openstack/identity/v2/tenants
  - openstack/identity/v2/tokens
  - openstack/identity/v3/tokens
  - openstack/networking/v2/extensions/fwaas/firewalls
  - openstack/networking/v2/extensions/fwaas/policies
  - openstack/networking/v2/extensions/fwaas/rules
  - openstack/networking/v2/extensions/layer3/floatingips
  - openstack/networking/v2/extensions/layer3/routers
  - openstack/networking/v2/extensions/lbaas/members
  - openstack/networking/v2/extensions/lbaas/monitors
  - openstack/networking/v2/extensions/lbaas/pools
  - openstack/networking/v2/extensions/lbaas/vips
  - openstack/networking/v2/networks
  - openstack/networking/v2/ports
  - openstack/networking/v2/subnets
  - openstack/objectstorage/v1/accounts
  - openstack/objectstorage/v1/containers
  - openstack/objectstorage/v1/objects
  - openstack/utils
  - pagination
  - testhelper
  - testhelper/client
- name: golang.org/x/net
  version: 04b9de9b512f58addf28c9853d50ebef61c3953e
  subpackages:
  - context
  - context/ctxhttp
- name: golang.org/x/sys
  version: 5eaf0df67e70d6997a9fe0ed24383fa1b01638d3
  subpackages:
  - unix
devImports: []
